PODS:
  - Action (3.11.0):
    - RxCocoa (~> 4.0)
    - RxSwift (~> 4.0)
  - Differentiator (3.1.0)
  - "NSObject+Rx (4.4.1)":
    - RxSwift (~> 4.3)
  - Realm (3.14.2):
    - Realm/Headers (= 3.14.2)
  - Realm/Headers (3.14.2)
  - RealmSwift (3.14.2):
    - Realm (= 3.14.2)
  - RxCocoa (4.5.0):
    - RxSwift (>= 4.4.2, ~> 4.4)
  - RxDataSources (3.1.0):
    - Differentiator (~> 3.0)
    - RxCocoa (~> 4.0)
    - RxSwift (~> 4.0)
  - RxRealm (0.7.6):
    - RealmSwift (~> 3.0)
    - RxSwift (~> 4.0)
  - RxSwift (4.5.0)

DEPENDENCIES:
  - Action (~> 3.4)
  - "NSObject+Rx (~> 4.1)"
  - RealmSwift (~> 3.0)
  - RxCocoa (~> 4.0)
  - RxDataSources (~> 3.0)
  - RxRealm (~> 0.7)
  - RxSwift (~> 4.0)

SPEC REPOS:
  https://github.com/cocoapods/specs.git:
    - Action
    - Differentiator
    - "NSObject+Rx"
    - Realm
    - RealmSwift
    - RxCocoa
    - RxDataSources
    - RxRealm
    - RxSwift

SPEC CHECKSUMS:
  Action: 689181e4c3f6566844178d8a7da6fef39a9597fc
  Differentiator: be49ca3408f0ecfc761e4c7763d20c62be01b9ad
  "NSObject+Rx": 9884a92f19b610795c431e10b4e601913b59c9e9
  Realm: 179c6706e3a49dbfe112e572fd3c03d3169bea35
  RealmSwift: 1797f272fb51c555b764fada32e82159a2c65247
  RxCocoa: cbf70265dc65a981d4ac982e513c10cf23df24a0
  RxDataSources: a843bad90c29817f5923ec8163f4af2de084ceb3
  RxRealm: 5379eddd74f8d617ca7681d1f8d144af25b432b0
  RxSwift: f172070dfd1a93d70a9ab97a5a01166206e1c575

PODFILE CHECKSUM: 9019f8580d36323a8c6a60e9dbbaea9f0896804a

COCOAPODS: 1.6.0.beta.1
